Fabric==1.10.0
bumpversion==0.5.0
click==3.3
-e git+https://github.com/kpurdon/dateconvert.git@0141dc0508e43d299cd00f94ef06d037aa81cf36#egg=dateconvert-master
ecdsa==0.11
flake8==2.2.3
mccabe==0.2.1
nose==1.3.4
paramiko==1.15.1
pep8==1.5.7
pycrypto==2.6.1
pyflakes==0.8.1
pypandoc==0.8.2
wsgiref==0.1.2
